{
  "name": "connor4312.nodejs-testing-test",
  "version": "1.0.0",
  "lockfileVersion": 3,
  "requires": true,
  "packages": {
    "": {
      "name": "connor4312.nodejs-testing-test",
      "version": "1.0.0",
      "license": "ISC",
      "devDependencies": {
        "@tsconfig/node20": "^20.1.2",
        "@types/node": "^20.6.0",
        "esmock": "^2.5.0",
        "typescript": "^5.2.2"
      }
    },
    "node_modules/@tsconfig/node20": {
      "version": "20.1.2",
      "resolved": "https://registry.npmjs.org/@tsconfig/node20/-/node20-20.1.2.tgz",
      "integrity": "sha512-madaWq2k+LYMEhmcp0fs+OGaLFk0OenpHa4gmI4VEmCKX4PJntQ6fnnGADVFrVkBj0wIdAlQnK/MrlYTHsa1gQ==",
      "dev": true
    },
    "node_modules/@types/node": {
      "version": "20.6.0",
      "resolved": "https://registry.npmjs.org/@types/node/-/node-20.6.0.tgz",
      "integrity": "sha512-najjVq5KN2vsH2U/xyh2opaSEz6cZMR2SetLIlxlj08nOcmPOemJmUK2o4kUzfLqfrWE0PIrNeE16XhYDd3nqg==",
      "dev": true
    },
    "node_modules/esmock": {
      "version": "2.5.0",
      "resolved": "https://registry.npmjs.org/esmock/-/esmock-2.5.0.tgz",
      "integrity": "sha512-NOUkiwz2jJQrwkwqY01vuAJ/fJ6l5DpegAFnqALAA5qGSECDR+hcSQwgF+IxBf4/tP4OOML/Pg0HSPNkjjn4JQ==",
      "dev": true,
      "engines": {
        "node": ">=14.16.0"
      }
    },
    "node_modules/typescript": {
      "version": "5.2.2",
      "resolved": "https://registry.npmjs.org/typescript/-/typescript-5.2.2.tgz",
      "integrity": "sha512-mI4WrpHsbCIcwT9cF4FZvr80QUeKvsUsUvKDoR+X/7XHQH98xYD8YHZg7ANtz2GtZt/CBq2QJ0thkGJMHfqc1w==",
      "dev": true,
      "bin": {
        "tsc": "bin/tsc",
        "tsserver": "bin/tsserver"
      },
      "engines": {
        "node": ">=14.17"
      }
    }
  }
}
